
Microsoft Visual Studio Solution File, Format Version 12.00
# Visual Studio Version 16
VisualStudioVersion = 16.0.31129.286
MinimumVisualStudioVersion = 10.0.40219.1
Project("{8BC9CEB8-8B4A-11D0-8D11-00A0C91BC942}") = "classwork8", "classwork8\classwork8.vcxproj", "{B73630F4-F803-46B8-AEE1-DB5732E6A875}"
EndProject
Global
	GlobalSection(SolutionConfigurationPlatforms) = preSolution
		Debug|x64 = Debug|x64
		Debug|x86 = Debug|x86
		Release|x64 = Release|x64
		Release|x86 = Release|x86
	EndGlobalSection
	GlobalSection(ProjectConfigurationPlatforms) = postSolution
		{B73630F4-F803-46B8-AEE1-DB5732E6A875}.Debug|x64.ActiveCfg = Debug|x64
		{B73630F4-F803-46B8-AEE1-DB5732E6A875}.Debug|x64.Build.0 = Debug|x64
		{B73630F4-F803-46B8-AEE1-DB5732E6A875}.Debug|x86.ActiveCfg = Debug|Win32
		{B73630F4-F803-46B8-AEE1-DB5732E6A875}.Debug|x86.Build.0 = Debug|Win32
		{B73630F4-F803-46B8-AEE1-DB5732E6A875}.Release|x64.ActiveCfg = Release|x64
		{B73630F4-F803-46B8-AEE1-DB5732E6A875}.Release|x64.Build.0 = Release|x64
		{B73630F4-F803-46B8-AEE1-DB5732E6A875}.Release|x86.ActiveCfg = Release|Win32
		{B73630F4-F803-46B8-AEE1-DB5732E6A875}.Release|x86.Build.0 = Release|Win32
	EndGlobalSection
	GlobalSection(SolutionProperties) = preSolution
		HideSolutionNode = FALSE
	EndGlobalSection
	GlobalSection(ExtensibilityGlobals) = postSolution
		SolutionGuid = {EAE75079-5157-4B45-8D95-CA9DBCE04EA2}
	EndGlobalSection
EndGlobal
